
Microsoft Visual Studio Solution File, Format Version 12.00
# Visual Studio 2013
VisualStudioVersion = 12.0.31101.0
MinimumVisualStudioVersion = 10.0.40219.1
Project("{8BC9CEB8-8B4A-11D0-8D11-00A0C91BC942}") = "simulant", "simulant\simulant.vcxproj", "{03D0E503-BCBD-48C1-ABC6-2E008EC1F26E}"
EndProject
Project("{8BC9CEB8-8B4A-11D0-8D11-00A0C91BC942}") = "unit_tests", "unit_tests\unit_tests.vcxproj", "{9B1616CE-5627-476B-A5FB-7D9644A86B79}"
EndProject
Global
	GlobalSection(TeamFoundationVersionControl) = preSolution
		SccNumberOfProjects = 3
		SccEnterpriseProvider = {4CA58AB2-18FA-4F8D-95D4-32DDF27D184C}
		SccTeamFoundationServer = https://oelrich.visualstudio.com/defaultcollection
		SccLocalPath0 = .
		SccProjectUniqueName1 = simulant\\simulant.vcxproj
		SccProjectName1 = simulant
		SccLocalPath1 = simulant
		SccProjectUniqueName2 = unit_tests\\unit_tests.vcxproj
		SccProjectName2 = unit_tests
		SccLocalPath2 = unit_tests
	EndGlobalSection
	GlobalSection(SolutionConfigurationPlatforms) = preSolution
		Debug|Win32 = Debug|Win32
		Release|Win32 = Release|Win32
	EndGlobalSection
	GlobalSection(ProjectConfigurationPlatforms) = postSolution
		{03D0E503-BCBD-48C1-ABC6-2E008EC1F26E}.Debug|Win32.ActiveCfg = Debug|Win32
		{03D0E503-BCBD-48C1-ABC6-2E008EC1F26E}.Debug|Win32.Build.0 = Debug|Win32
		{03D0E503-BCBD-48C1-ABC6-2E008EC1F26E}.Release|Win32.ActiveCfg = Release|Win32
		{03D0E503-BCBD-48C1-ABC6-2E008EC1F26E}.Release|Win32.Build.0 = Release|Win32
		{9B1616CE-5627-476B-A5FB-7D9644A86B79}.Debug|Win32.ActiveCfg = Debug|Win32
		{9B1616CE-5627-476B-A5FB-7D9644A86B79}.Debug|Win32.Build.0 = Debug|Win32
		{9B1616CE-5627-476B-A5FB-7D9644A86B79}.Release|Win32.ActiveCfg = Release|Win32
		{9B1616CE-5627-476B-A5FB-7D9644A86B79}.Release|Win32.Build.0 = Release|Win32
	EndGlobalSection
	GlobalSection(SolutionProperties) = preSolution
		HideSolutionNode = FALSE
	EndGlobalSection
EndGlobal
